{
  "originHash" : "dfe4f37722f706002352f4ac958cc8dc817b1ab28aebf953a6f6dd9b57c4ac40",
  "pins" : [
    {
      "identity" : "sdwebimage",
      "kind" : "remoteSourceControl",
      "location" : "https://github.com/SDWebImage/SDWebImage",
      "state" : {
        "revision" : "e7d3256c497af9330a0df866ee38f544ddd87c49",
        "version" : "5.20.1"
      }
    }
  ],
  "version" : 3
}
